
Microsoft Visual Studio Solution File, Format Version 12.00
# Visual Studio Version 17
VisualStudioVersion = 17.8.34322.80
MinimumVisualStudioVersion = 10.0.40219.1
Project("{FAE04EC0-301F-11D3-BF4B-00C04F79EFBC}") = "PockemonAPI", "PockemonAPI\PockemonAPI.csproj", "{20101F88-3BA6-42A3-8B48-84BDF774665D}"
EndProject
Project("{FAE04EC0-301F-11D3-BF4B-00C04F79EFBC}") = "PockemonAPI.IntegrationsTests", "PockemonAPI.IntegrationsTests\PockemonAPI.IntegrationsTests.csproj", "{51281309-9FC8-48E4-8D37-F8454C687EDF}"
EndProject
Project("{2150E333-8FDC-42A3-9474-1A3956D46DE8}") = "MyServicePokemonAPI", "MyServicePokemonAPI", "{D3777815-30DF-44DC-BD9C-CC757EEB1C32}"
EndProject
Project("{FAE04EC0-301F-11D3-BF4B-00C04F79EFBC}") = "MyServiceAPI_2", "MyServiceAPI_2\MyServiceAPI_2.csproj", "{838DB282-290D-4E0B-9C49-ADE6F19C5853}"
EndProject
Project("{FAE04EC0-301F-11D3-BF4B-00C04F79EFBC}") = "PokemonAPI.DataAccesss", "PokemonAPI.DataAccesss\PokemonAPI.DataAccesss.csproj", "{CFA7683E-D2C6-4279-9A1F-854AAFB2F6A3}"
EndProject
Global
	GlobalSection(SolutionConfigurationPlatforms) = preSolution
		Debug|Any CPU = Debug|Any CPU
		Release|Any CPU = Release|Any CPU
	EndGlobalSection
	GlobalSection(ProjectConfigurationPlatforms) = postSolution
		{20101F88-3BA6-42A3-8B48-84BDF774665D}.Debug|Any CPU.ActiveCfg = Debug|Any CPU
		{20101F88-3BA6-42A3-8B48-84BDF774665D}.Debug|Any CPU.Build.0 = Debug|Any CPU
		{20101F88-3BA6-42A3-8B48-84BDF774665D}.Release|Any CPU.ActiveCfg = Release|Any CPU
		{20101F88-3BA6-42A3-8B48-84BDF774665D}.Release|Any CPU.Build.0 = Release|Any CPU
		{51281309-9FC8-48E4-8D37-F8454C687EDF}.Debug|Any CPU.ActiveCfg = Debug|Any CPU
		{51281309-9FC8-48E4-8D37-F8454C687EDF}.Debug|Any CPU.Build.0 = Debug|Any CPU
		{51281309-9FC8-48E4-8D37-F8454C687EDF}.Release|Any CPU.ActiveCfg = Release|Any CPU
		{51281309-9FC8-48E4-8D37-F8454C687EDF}.Release|Any CPU.Build.0 = Release|Any CPU
		{838DB282-290D-4E0B-9C49-ADE6F19C5853}.Debug|Any CPU.ActiveCfg = Debug|Any CPU
		{838DB282-290D-4E0B-9C49-ADE6F19C5853}.Debug|Any CPU.Build.0 = Debug|Any CPU
		{838DB282-290D-4E0B-9C49-ADE6F19C5853}.Release|Any CPU.ActiveCfg = Release|Any CPU
		{838DB282-290D-4E0B-9C49-ADE6F19C5853}.Release|Any CPU.Build.0 = Release|Any CPU
		{CFA7683E-D2C6-4279-9A1F-854AAFB2F6A3}.Debug|Any CPU.ActiveCfg = Debug|Any CPU
		{CFA7683E-D2C6-4279-9A1F-854AAFB2F6A3}.Debug|Any CPU.Build.0 = Debug|Any CPU
		{CFA7683E-D2C6-4279-9A1F-854AAFB2F6A3}.Release|Any CPU.ActiveCfg = Release|Any CPU
		{CFA7683E-D2C6-4279-9A1F-854AAFB2F6A3}.Release|Any CPU.Build.0 = Release|Any CPU
	EndGlobalSection
	GlobalSection(SolutionProperties) = preSolution
		HideSolutionNode = FALSE
	EndGlobalSection
	GlobalSection(ExtensibilityGlobals) = postSolution
		SolutionGuid = {6695A29B-212C-40CB-AADC-D046058ADADD}
	EndGlobalSection
	GlobalSection(NestedProjects) = preSolution
		{838DB282-290D-4E0B-9C49-ADE6F19C5853} = {D3777815-30DF-44DC-BD9C-CC757EEB1C32}
	EndGlobalSection
EndGlobal
